
Microsoft Visual Studio Solution File, Format Version 12.00
# Visual Studio Version 17
VisualStudioVersion = 17.5.2.0
MinimumVisualStudioVersion = 10.0.40219.1
Project("{FAE04EC0-301F-11D3-BF4B-00C04F79EFBC}") = "DocesCabana.Domain", "DocesCabana.Domain\DocesCabana.Domain.csproj", "{853E2A32-4C22-E721-100C-78C7A5FA7190}"
EndProject
Project("{FAE04EC0-301F-11D3-BF4B-00C04F79EFBC}") = "DocesCabana.Tests", "DocesCabana.Tests\DocesCabana.Tests.csproj", "{5FBCB381-FA13-4270-BF66-61B56849D68F}"
EndProject
Project("{FAE04EC0-301F-11D3-BF4B-00C04F79EFBC}") = "DocesCabana.Application", "DocesCabana.Application\DocesCabana.Application.csproj", "{BF309C8E-E8C2-4273-B156-0E8DABC395FE}"
EndProject
Project("{FAE04EC0-301F-11D3-BF4B-00C04F79EFBC}") = "DocesCabana.Infrastructure", "DocesCabana.Infrastructure\DocesCabana.Infrastructure.csproj", "{03685996-0D23-4E2E-B892-E591D53ECDF3}"
EndProject
Global
	GlobalSection(SolutionConfigurationPlatforms) = preSolution
		Debug|Any CPU = Debug|Any CPU
		Debug|x64 = Debug|x64
		Debug|x86 = Debug|x86
		Release|Any CPU = Release|Any CPU
		Release|x64 = Release|x64
		Release|x86 = Release|x86
	EndGlobalSection
	GlobalSection(ProjectConfigurationPlatforms) = postSolution
		{853E2A32-4C22-E721-100C-78C7A5FA7190}.Debug|Any CPU.ActiveCfg = Debug|Any CPU
		{853E2A32-4C22-E721-100C-78C7A5FA7190}.Debug|Any CPU.Build.0 = Debug|Any CPU
		{853E2A32-4C22-E721-100C-78C7A5FA7190}.Debug|x64.ActiveCfg = Debug|Any CPU
		{853E2A32-4C22-E721-100C-78C7A5FA7190}.Debug|x64.Build.0 = Debug|Any CPU
		{853E2A32-4C22-E721-100C-78C7A5FA7190}.Debug|x86.ActiveCfg = Debug|Any CPU
		{853E2A32-4C22-E721-100C-78C7A5FA7190}.Debug|x86.Build.0 = Debug|Any CPU
		{853E2A32-4C22-E721-100C-78C7A5FA7190}.Release|Any CPU.ActiveCfg = Release|Any CPU
		{853E2A32-4C22-E721-100C-78C7A5FA7190}.Release|Any CPU.Build.0 = Release|Any CPU
		{853E2A32-4C22-E721-100C-78C7A5FA7190}.Release|x64.ActiveCfg = Release|Any CPU
		{853E2A32-4C22-E721-100C-78C7A5FA7190}.Release|x64.Build.0 = Release|Any CPU
		{853E2A32-4C22-E721-100C-78C7A5FA7190}.Release|x86.ActiveCfg = Release|Any CPU
		{853E2A32-4C22-E721-100C-78C7A5FA7190}.Release|x86.Build.0 = Release|Any CPU
		{5FBCB381-FA13-4270-BF66-61B56849D68F}.Debug|Any CPU.ActiveCfg = Debug|Any CPU
		{5FBCB381-FA13-4270-BF66-61B56849D68F}.Debug|Any CPU.Build.0 = Debug|Any CPU
		{5FBCB381-FA13-4270-BF66-61B56849D68F}.Debug|x64.ActiveCfg = Debug|Any CPU
		{5FBCB381-FA13-4270-BF66-61B56849D68F}.Debug|x64.Build.0 = Debug|Any CPU
		{5FBCB381-FA13-4270-BF66-61B56849D68F}.Debug|x86.ActiveCfg = Debug|Any CPU
		{5FBCB381-FA13-4270-BF66-61B56849D68F}.Debug|x86.Build.0 = Debug|Any CPU
		{5FBCB381-FA13-4270-BF66-61B56849D68F}.Release|Any CPU.ActiveCfg = Release|Any CPU
		{5FBCB381-FA13-4270-BF66-61B56849D68F}.Release|Any CPU.Build.0 = Release|Any CPU
		{5FBCB381-FA13-4270-BF66-61B56849D68F}.Release|x64.ActiveCfg = Release|Any CPU
		{5FBCB381-FA13-4270-BF66-61B56849D68F}.Release|x64.Build.0 = Release|Any CPU
		{5FBCB381-FA13-4270-BF66-61B56849D68F}.Release|x86.ActiveCfg = Release|Any CPU
		{5FBCB381-FA13-4270-BF66-61B56849D68F}.Release|x86.Build.0 = Release|Any CPU
		{BF309C8E-E8C2-4273-B156-0E8DABC395FE}.Debug|Any CPU.ActiveCfg = Debug|Any CPU
		{BF309C8E-E8C2-4273-B156-0E8DABC395FE}.Debug|Any CPU.Build.0 = Debug|Any CPU
		{BF309C8E-E8C2-4273-B156-0E8DABC395FE}.Debug|x64.ActiveCfg = Debug|Any CPU
		{BF309C8E-E8C2-4273-B156-0E8DABC395FE}.Debug|x64.Build.0 = Debug|Any CPU
		{BF309C8E-E8C2-4273-B156-0E8DABC395FE}.Debug|x86.ActiveCfg = Debug|Any CPU
		{BF309C8E-E8C2-4273-B156-0E8DABC395FE}.Debug|x86.Build.0 = Debug|Any CPU
		{BF309C8E-E8C2-4273-B156-0E8DABC395FE}.Release|Any CPU.ActiveCfg = Release|Any CPU
		{BF309C8E-E8C2-4273-B156-0E8DABC395FE}.Release|Any CPU.Build.0 = Release|Any CPU
		{BF309C8E-E8C2-4273-B156-0E8DABC395FE}.Release|x64.ActiveCfg = Release|Any CPU
		{BF309C8E-E8C2-4273-B156-0E8DABC395FE}.Release|x64.Build.0 = Release|Any CPU
		{BF309C8E-E8C2-4273-B156-0E8DABC395FE}.Release|x86.ActiveCfg = Release|Any CPU
		{BF309C8E-E8C2-4273-B156-0E8DABC395FE}.Release|x86.Build.0 = Release|Any CPU
		{03685996-0D23-4E2E-B892-E591D53ECDF3}.Debug|Any CPU.ActiveCfg = Debug|Any CPU
		{03685996-0D23-4E2E-B892-E591D53ECDF3}.Debug|Any CPU.Build.0 = Debug|Any CPU
		{03685996-0D23-4E2E-B892-E591D53ECDF3}.Debug|x64.ActiveCfg = Debug|Any CPU
		{03685996-0D23-4E2E-B892-E591D53ECDF3}.Debug|x64.Build.0 = Debug|Any CPU
		{03685996-0D23-4E2E-B892-E591D53ECDF3}.Debug|x86.ActiveCfg = Debug|Any CPU
		{03685996-0D23-4E2E-B892-E591D53ECDF3}.Debug|x86.Build.0 = Debug|Any CPU
		{03685996-0D23-4E2E-B892-E591D53ECDF3}.Release|Any CPU.ActiveCfg = Release|Any CPU
		{03685996-0D23-4E2E-B892-E591D53ECDF3}.Release|Any CPU.Build.0 = Release|Any CPU
		{03685996-0D23-4E2E-B892-E591D53ECDF3}.Release|x64.ActiveCfg = Release|Any CPU
		{03685996-0D23-4E2E-B892-E591D53ECDF3}.Release|x64.Build.0 = Release|Any CPU
		{03685996-0D23-4E2E-B892-E591D53ECDF3}.Release|x86.ActiveCfg = Release|Any CPU
		{03685996-0D23-4E2E-B892-E591D53ECDF3}.Release|x86.Build.0 = Release|Any CPU
	EndGlobalSection
	GlobalSection(SolutionProperties) = preSolution
		HideSolutionNode = FALSE
	EndGlobalSection
	GlobalSection(ExtensibilityGlobals) = postSolution
		SolutionGuid = {2BD1AD73-B583-44A6-BE15-529E95F7F24F}
	EndGlobalSection
EndGlobal
